
Microsoft Visual Studio Solution File, Format Version 12.00
# Visual Studio Version 16
VisualStudioVersion = 16.0.31911.196
MinimumVisualStudioVersion = 10.0.40219.1
Project("{FAE04EC0-301F-11D3-BF4B-00C04F79EFBC}") = "Super-Duper Library", "Super-Duper Library\Super-Duper Library.csproj", "{03316A83-4D65-49A2-9FE6-C17FFEA502F4}"
EndProject
Global
	GlobalSection(SolutionConfigurationPlatforms) = preSolution
		Debug|Any CPU = Debug|Any CPU
		Release|Any CPU = Release|Any CPU
	EndGlobalSection
	GlobalSection(ProjectConfigurationPlatforms) = postSolution
		{03316A83-4D65-49A2-9FE6-C17FFEA502F4}.Debug|Any CPU.ActiveCfg = Debug|Any CPU
		{03316A83-4D65-49A2-9FE6-C17FFEA502F4}.Debug|Any CPU.Build.0 = Debug|Any CPU
		{03316A83-4D65-49A2-9FE6-C17FFEA502F4}.Release|Any CPU.ActiveCfg = Release|Any CPU
		{03316A83-4D65-49A2-9FE6-C17FFEA502F4}.Release|Any CPU.Build.0 = Release|Any CPU
	EndGlobalSection
	GlobalSection(SolutionProperties) = preSolution
		HideSolutionNode = FALSE
	EndGlobalSection
	GlobalSection(ExtensibilityGlobals) = postSolution
		SolutionGuid = {FF021E5C-3E4B-4ED9-A3D1-4D2B30FF2D92}
	EndGlobalSection
EndGlobal
